
Microsoft Visual Studio Solution File, Format Version 12.00
# Visual Studio Version 16
VisualStudioVersion = 16.0.31911.196
MinimumVisualStudioVersion = 10.0.40219.1
Project("{9A19103F-16F7-4668-BE54-9A1E7A4F7556}") = "ArrayReview", "ArrayReview\ArrayReview.csproj", "{4EDBB95C-8954-446D-9D02-2015F19F051D}"
EndProject
Project("{2150E333-8FDC-42A3-9474-1A3956D46DE8}") = "Solution Items", "Solution Items", "{15C8DECD-BE0E-4B18-B8F6-09F44EF1EA3B}"
	ProjectSection(SolutionItems) = preProject
		.gitignore = .gitignore
	EndProjectSection
EndProject
Project("{9A19103F-16F7-4668-BE54-9A1E7A4F7556}") = "ListReview", "ListReview\ListReview.csproj", "{3C9E11A1-2CA5-4953-93BA-CA5A00AB8456}"
EndProject
Project("{9A19103F-16F7-4668-BE54-9A1E7A4F7556}") = "TryCatchReview", "TryCatchReview\TryCatchReview.csproj", "{66A87909-B307-4726-A7BF-56809517FE11}"
EndProject
Project("{9A19103F-16F7-4668-BE54-9A1E7A4F7556}") = "StackDemo", "StackDemo\StackDemo.csproj", "{E7E53961-0C5C-4A9F-862D-2BDFCF3ABC3A}"
EndProject
Project("{9A19103F-16F7-4668-BE54-9A1E7A4F7556}") = "QueueDemo", "QueueDemo\QueueDemo.csproj", "{E9A12EF4-2EF6-4228-B75D-D1A66249084D}"
EndProject
Project("{9A19103F-16F7-4668-BE54-9A1E7A4F7556}") = "TryCatchPractice", "TryCatchPractice\TryCatchPractice.csproj", "{17EBD7E6-6FAB-484B-8D5C-325BA0B23AA7}"
EndProject
Project("{9A19103F-16F7-4668-BE54-9A1E7A4F7556}") = "ClassDemo", "ClassDemo\ClassDemo.csproj", "{FB48665F-0D58-4DDC-9986-A1AB4DD70EF5}"
EndProject
Project("{9A19103F-16F7-4668-BE54-9A1E7A4F7556}") = "AssessPractice", "AssessPractice\AssessPractice.csproj", "{1576E896-AC2C-41C6-84E5-091DEA97DFC6}"
EndProject
Project("{9A19103F-16F7-4668-BE54-9A1E7A4F7556}") = "ManyFiles", "ManyFiles\ManyFiles.csproj", "{A730FF82-3887-4653-8B2A-5794E21FB818}"
EndProject
Project("{FAE04EC0-301F-11D3-BF4B-00C04F79EFBC}") = "MovieDatabase", "MovieDatabase\MovieDatabase.csproj", "{ED62BC25-47CC-4B62-A9C1-7CA1D8666585}"
EndProject
Project("{FAE04EC0-301F-11D3-BF4B-00C04F79EFBC}") = "Game", "Game\Game.csproj", "{C4D5CFBA-86F1-4F46-8D99-2BBB117C1A0D}"
EndProject
Project("{FAE04EC0-301F-11D3-BF4B-00C04F79EFBC}") = "Mammals", "Mammals\Mammals.csproj", "{4CAC05C2-0153-4543-B970-A547322B6EA5}"
EndProject
Project("{FAE04EC0-301F-11D3-BF4B-00C04F79EFBC}") = "OverloadDemo", "OverloadDemo\OverloadDemo.csproj", "{B1C98A27-4AC9-4262-8FAF-ED16034C7999}"
EndProject
Project("{FAE04EC0-301F-11D3-BF4B-00C04F79EFBC}") = "Mammals2", "Mammals2\Mammals2.csproj", "{2D035873-639D-4549-9B5A-045CE39B04C4}"
EndProject
Project("{FAE04EC0-301F-11D3-BF4B-00C04F79EFBC}") = "AnimalsDemo", "AnimalsDemo\AnimalsDemo.csproj", "{4C19D818-5065-4A25-98F7-6643F2502C35}"
EndProject
Global
	GlobalSection(SolutionConfigurationPlatforms) = preSolution
		Debug|Any CPU = Debug|Any CPU
		Release|Any CPU = Release|Any CPU
	EndGlobalSection
	GlobalSection(ProjectConfigurationPlatforms) = postSolution
		{4EDBB95C-8954-446D-9D02-2015F19F051D}.Debug|Any CPU.ActiveCfg = Debug|Any CPU
		{4EDBB95C-8954-446D-9D02-2015F19F051D}.Debug|Any CPU.Build.0 = Debug|Any CPU
		{4EDBB95C-8954-446D-9D02-2015F19F051D}.Release|Any CPU.ActiveCfg = Release|Any CPU
		{4EDBB95C-8954-446D-9D02-2015F19F051D}.Release|Any CPU.Build.0 = Release|Any CPU
		{3C9E11A1-2CA5-4953-93BA-CA5A00AB8456}.Debug|Any CPU.ActiveCfg = Debug|Any CPU
		{3C9E11A1-2CA5-4953-93BA-CA5A00AB8456}.Debug|Any CPU.Build.0 = Debug|Any CPU
		{3C9E11A1-2CA5-4953-93BA-CA5A00AB8456}.Release|Any CPU.ActiveCfg = Release|Any CPU
		{3C9E11A1-2CA5-4953-93BA-CA5A00AB8456}.Release|Any CPU.Build.0 = Release|Any CPU
		{66A87909-B307-4726-A7BF-56809517FE11}.Debug|Any CPU.ActiveCfg = Debug|Any CPU
		{66A87909-B307-4726-A7BF-56809517FE11}.Debug|Any CPU.Build.0 = Debug|Any CPU
		{66A87909-B307-4726-A7BF-56809517FE11}.Release|Any CPU.ActiveCfg = Release|Any CPU
		{66A87909-B307-4726-A7BF-56809517FE11}.Release|Any CPU.Build.0 = Release|Any CPU
		{E7E53961-0C5C-4A9F-862D-2BDFCF3ABC3A}.Debug|Any CPU.ActiveCfg = Debug|Any CPU
		{E7E53961-0C5C-4A9F-862D-2BDFCF3ABC3A}.Debug|Any CPU.Build.0 = Debug|Any CPU
		{E7E53961-0C5C-4A9F-862D-2BDFCF3ABC3A}.Release|Any CPU.ActiveCfg = Release|Any CPU
		{E7E53961-0C5C-4A9F-862D-2BDFCF3ABC3A}.Release|Any CPU.Build.0 = Release|Any CPU
		{E9A12EF4-2EF6-4228-B75D-D1A66249084D}.Debug|Any CPU.ActiveCfg = Debug|Any CPU
		{E9A12EF4-2EF6-4228-B75D-D1A66249084D}.Debug|Any CPU.Build.0 = Debug|Any CPU
		{E9A12EF4-2EF6-4228-B75D-D1A66249084D}.Release|Any CPU.ActiveCfg = Release|Any CPU
		{E9A12EF4-2EF6-4228-B75D-D1A66249084D}.Release|Any CPU.Build.0 = Release|Any CPU
		{17EBD7E6-6FAB-484B-8D5C-325BA0B23AA7}.Debug|Any CPU.ActiveCfg = Debug|Any CPU
		{17EBD7E6-6FAB-484B-8D5C-325BA0B23AA7}.Debug|Any CPU.Build.0 = Debug|Any CPU
		{17EBD7E6-6FAB-484B-8D5C-325BA0B23AA7}.Release|Any CPU.ActiveCfg = Release|Any CPU
		{17EBD7E6-6FAB-484B-8D5C-325BA0B23AA7}.Release|Any CPU.Build.0 = Release|Any CPU
		{FB48665F-0D58-4DDC-9986-A1AB4DD70EF5}.Debug|Any CPU.ActiveCfg = Debug|Any CPU
		{FB48665F-0D58-4DDC-9986-A1AB4DD70EF5}.Debug|Any CPU.Build.0 = Debug|Any CPU
		{FB48665F-0D58-4DDC-9986-A1AB4DD70EF5}.Release|Any CPU.ActiveCfg = Release|Any CPU
		{FB48665F-0D58-4DDC-9986-A1AB4DD70EF5}.Release|Any CPU.Build.0 = Release|Any CPU
		{1576E896-AC2C-41C6-84E5-091DEA97DFC6}.Debug|Any CPU.ActiveCfg = Debug|Any CPU
		{1576E896-AC2C-41C6-84E5-091DEA97DFC6}.Debug|Any CPU.Build.0 = Debug|Any CPU
		{1576E896-AC2C-41C6-84E5-091DEA97DFC6}.Release|Any CPU.ActiveCfg = Release|Any CPU
		{1576E896-AC2C-41C6-84E5-091DEA97DFC6}.Release|Any CPU.Build.0 = Release|Any CPU
		{A730FF82-3887-4653-8B2A-5794E21FB818}.Debug|Any CPU.ActiveCfg = Debug|Any CPU
		{A730FF82-3887-4653-8B2A-5794E21FB818}.Debug|Any CPU.Build.0 = Debug|Any CPU
		{A730FF82-3887-4653-8B2A-5794E21FB818}.Release|Any CPU.ActiveCfg = Release|Any CPU
		{A730FF82-3887-4653-8B2A-5794E21FB818}.Release|Any CPU.Build.0 = Release|Any CPU
		{ED62BC25-47CC-4B62-A9C1-7CA1D8666585}.Debug|Any CPU.ActiveCfg = Debug|Any CPU
		{ED62BC25-47CC-4B62-A9C1-7CA1D8666585}.Debug|Any CPU.Build.0 = Debug|Any CPU
		{ED62BC25-47CC-4B62-A9C1-7CA1D8666585}.Release|Any CPU.ActiveCfg = Release|Any CPU
		{ED62BC25-47CC-4B62-A9C1-7CA1D8666585}.Release|Any CPU.Build.0 = Release|Any CPU
		{C4D5CFBA-86F1-4F46-8D99-2BBB117C1A0D}.Debug|Any CPU.ActiveCfg = Debug|Any CPU
		{C4D5CFBA-86F1-4F46-8D99-2BBB117C1A0D}.Debug|Any CPU.Build.0 = Debug|Any CPU
		{C4D5CFBA-86F1-4F46-8D99-2BBB117C1A0D}.Release|Any CPU.ActiveCfg = Release|Any CPU
		{C4D5CFBA-86F1-4F46-8D99-2BBB117C1A0D}.Release|Any CPU.Build.0 = Release|Any CPU
		{4CAC05C2-0153-4543-B970-A547322B6EA5}.Debug|Any CPU.ActiveCfg = Debug|Any CPU
		{4CAC05C2-0153-4543-B970-A547322B6EA5}.Debug|Any CPU.Build.0 = Debug|Any CPU
		{4CAC05C2-0153-4543-B970-A547322B6EA5}.Release|Any CPU.ActiveCfg = Release|Any CPU
		{4CAC05C2-0153-4543-B970-A547322B6EA5}.Release|Any CPU.Build.0 = Release|Any CPU
		{B1C98A27-4AC9-4262-8FAF-ED16034C7999}.Debug|Any CPU.ActiveCfg = Debug|Any CPU
		{B1C98A27-4AC9-4262-8FAF-ED16034C7999}.Debug|Any CPU.Build.0 = Debug|Any CPU
		{B1C98A27-4AC9-4262-8FAF-ED16034C7999}.Release|Any CPU.ActiveCfg = Release|Any CPU
		{B1C98A27-4AC9-4262-8FAF-ED16034C7999}.Release|Any CPU.Build.0 = Release|Any CPU
		{2D035873-639D-4549-9B5A-045CE39B04C4}.Debug|Any CPU.ActiveCfg = Debug|Any CPU
		{2D035873-639D-4549-9B5A-045CE39B04C4}.Debug|Any CPU.Build.0 = Debug|Any CPU
		{2D035873-639D-4549-9B5A-045CE39B04C4}.Release|Any CPU.ActiveCfg = Release|Any CPU
		{2D035873-639D-4549-9B5A-045CE39B04C4}.Release|Any CPU.Build.0 = Release|Any CPU
		{4C19D818-5065-4A25-98F7-6643F2502C35}.Debug|Any CPU.ActiveCfg = Debug|Any CPU
		{4C19D818-5065-4A25-98F7-6643F2502C35}.Debug|Any CPU.Build.0 = Debug|Any CPU
		{4C19D818-5065-4A25-98F7-6643F2502C35}.Release|Any CPU.ActiveCfg = Release|Any CPU
		{4C19D818-5065-4A25-98F7-6643F2502C35}.Release|Any CPU.Build.0 = Release|Any CPU
	EndGlobalSection
	GlobalSection(SolutionProperties) = preSolution
		HideSolutionNode = FALSE
	EndGlobalSection
	GlobalSection(ExtensibilityGlobals) = postSolution
		SolutionGuid = {A88A8DE1-5771-4EB5-888B-92BE76F0223E}
	EndGlobalSection
EndGlobal
